
Microsoft Visual Studio Solution File, Format Version 12.00
# Visual Studio Version 16
VisualStudioVersion = 16.0.28803.156
MinimumVisualStudioVersion = 10.0.40219.1
Project("{FAE04EC0-301F-11D3-BF4B-00C04F79EFBC}") = "WebSocketUploadFile", "WebSocketUploadFile\WebSocketUploadFile.csproj", "{84D019F1-CCFF-4A1E-9CDB-01711EF0BC43}"
EndProject
Project("{FAE04EC0-301F-11D3-BF4B-00C04F79EFBC}") = "WebApplication1", "WebApplication1\WebApplication1.csproj", "{8732F2F8-771A-4D76-9AF3-66CFCC0D1B68}"
EndProject
Global
	GlobalSection(SolutionConfigurationPlatforms) = preSolution
		Debug|Any CPU = Debug|Any CPU
		Release|Any CPU = Release|Any CPU
	EndGlobalSection
	GlobalSection(ProjectConfigurationPlatforms) = postSolution
		{84D019F1-CCFF-4A1E-9CDB-01711EF0BC43}.Debug|Any CPU.ActiveCfg = Debug|Any CPU
		{84D019F1-CCFF-4A1E-9CDB-01711EF0BC43}.Debug|Any CPU.Build.0 = Debug|Any CPU
		{84D019F1-CCFF-4A1E-9CDB-01711EF0BC43}.Release|Any CPU.ActiveCfg = Release|Any CPU
		{84D019F1-CCFF-4A1E-9CDB-01711EF0BC43}.Release|Any CPU.Build.0 = Release|Any CPU
		{8732F2F8-771A-4D76-9AF3-66CFCC0D1B68}.Debug|Any CPU.ActiveCfg = Debug|Any CPU
		{8732F2F8-771A-4D76-9AF3-66CFCC0D1B68}.Debug|Any CPU.Build.0 = Debug|Any CPU
		{8732F2F8-771A-4D76-9AF3-66CFCC0D1B68}.Release|Any CPU.ActiveCfg = Release|Any CPU
		{8732F2F8-771A-4D76-9AF3-66CFCC0D1B68}.Release|Any CPU.Build.0 = Release|Any CPU
	EndGlobalSection
	GlobalSection(SolutionProperties) = preSolution
		HideSolutionNode = FALSE
	EndGlobalSection
	GlobalSection(ExtensibilityGlobals) = postSolution
		SolutionGuid = {EB45EB1F-BDE5-4DBF-BD40-4B349FBFC00C}
	EndGlobalSection
EndGlobal
